Microsoft Visual Studio Solution File, Format Version 12.00
# Visual Studio Version 17
VisualStudioVersion = 17.5.2.0
MinimumVisualStudioVersion = 10.0.40219.1
Project("{2150E333-8FDC-42A3-9474-1A3956D46DE8}") = "src", "src", "{827E0CD3-B72D-47B6-A68D-7590B98EB39B}"
EndProject
Project("{FAE04EC0-301F-11D3-BF4B-00C04F79EFBC}") = "ConexaoSolidaria", "src\ConexaoSolidaria.csproj", "{3E3FFFE0-0BB4-02B7-674C-06C6805B2D00}"
EndProject
Global
	GlobalSection(SolutionConfigurationPlatforms) = preSolution
		Debug|Any CPU = Debug|Any CPU
		Release|Any CPU = Release|Any CPU
	EndGlobalSection
	GlobalSection(ProjectConfigurationPlatforms) = postSolution
		{3E3FFFE0-0BB4-02B7-674C-06C6805B2D00}.Debug|Any CPU.ActiveCfg = Debug|Any CPU
		{3E3FFFE0-0BB4-02B7-674C-06C6805B2D00}.Debug|Any CPU.Build.0 = Debug|Any CPU
		{3E3FFFE0-0BB4-02B7-674C-06C6805B2D00}.Release|Any CPU.ActiveCfg = Release|Any CPU
		{3E3FFFE0-0BB4-02B7-674C-06C6805B2D00}.Release|Any CPU.Build.0 = Release|Any CPU
	EndGlobalSection
	GlobalSection(SolutionProperties) = preSolution
		HideSolutionNode = FALSE
	EndGlobalSection
	GlobalSection(NestedProjects) = preSolution
		{3E3FFFE0-0BB4-02B7-674C-06C6805B2D00} = {827E0CD3-B72D-47B6-A68D-7590B98EB39B}
	EndGlobalSection
	GlobalSection(ExtensibilityGlobals) = postSolution
		SolutionGuid = {7F96532F-5D1E-4FBF-BC6E-03274018332B}
	EndGlobalSection
EndGlobal
